// !$*UTF8*$!
{
	archiveVersion = 1;
	classes = {
	};
	objectVersion = 55;
	objects = {

/* Begin PBXBuildFile section */
		A21954EB27E4B4E000310786 /* OnboardViewController.swift in Sources */ = {isa = PBXBuildFile; fileRef = A21954EA27E4B4E000310786 /* OnboardViewController.swift */; };
		A27A2C6727E27747006BB050 /* AppDelegate.swift in Sources */ = {isa = PBXBuildFile; fileRef = A27A2C6627E27747006BB050 /* AppDelegate.swift */; };
		A27A2C6927E27747006BB050 /* SceneDelegate.swift in Sources */ = {isa = PBXBuildFile; fileRef = A27A2C6827E27747006BB050 /* SceneDelegate.swift */; };
		A27A2C6B27E27747006BB050 /* LoginViewController.swift in Sources */ = {isa = PBXBuildFile; fileRef = A27A2C6A27E27747006BB050 /* LoginViewController.swift */; };
		A27A2C7027E27748006BB050 /* Assets.xcassets in Resources */ = {isa = PBXBuildFile; fileRef = A27A2C6F27E27748006BB050 /* Assets.xcassets */; };
		A27A2C7327E27748006BB050 /* LaunchScreen.storyboard in Resources */ = {isa = PBXBuildFile; fileRef = A27A2C7127E27748006BB050 /* LaunchScreen.storyboard */; };
		A2E031B127E312DD00381667 /* AuthManager.swift in Sources */ = {isa = PBXBuildFile; fileRef = A2E031AD27E312DD00381667 /* AuthManager.swift */; };
		A2E031B527E3146000381667 /* TabBarViewController.swift in Sources */ = {isa = PBXBuildFile; fileRef = A2E031B427E3146000381667 /* TabBarViewController.swift */; };
		A2E031B827E318C800381667 /* Color+Extensions.swift in Sources */ = {isa = PBXBuildFile; fileRef = A2E031B727E318C800381667 /* Color+Extensions.swift */; };
/* End PBXBuildFile section */

/* Begin PBXFileReference section */
		A21954EA27E4B4E000310786 /* OnboardViewController.swift */ = {isa = PBXFileReference; lastKnownFileType = sourcecode.swift; path = OnboardViewController.swift; sourceTree = "<group>"; };
		A27A2C6327E27747006BB050 /* remotely.app */ = {isa = PBXFileReference; explicitFileType = wrapper.application; includeInIndex = 0; path = remotely.app; sourceTree = BUILT_PRODUCTS_DIR; };
		A27A2C6627E27747006BB050 /* AppDelegate.swift */ = {isa = PBXFileReference; lastKnownFileType = sourcecode.swift; path = AppDelegate.swift; sourceTree = "<group>"; };
		A27A2C6827E27747006BB050 /* SceneDelegate.swift */ = {isa = PBXFileReference; lastKnownFileType = sourcecode.swift; path = SceneDelegate.swift; sourceTree = "<group>"; };
		A27A2C6A27E27747006BB050 /* LoginViewController.swift */ = {isa = PBXFileReference; lastKnownFileType = sourcecode.swift; path = LoginViewController.swift; sourceTree = "<group>"; };
		A27A2C6F27E27748006BB050 /* Assets.xcassets */ = {isa = PBXFileReference; lastKnownFileType = folder.assetcatalog; path = Assets.xcassets; sourceTree = "<group>"; };
		A27A2C7227E27748006BB050 /* Base */ = {isa = PBXFileReference; lastKnownFileType = file.storyboard; name = Base; path = Base.lproj/LaunchScreen.storyboard; sourceTree = "<group>"; };
		A27A2C7427E27748006BB050 /* Info.plist */ = {isa = PBXFileReference; lastKnownFileType = text.plist.xml; path = Info.plist; sourceTree = "<group>"; };
		A2E031AD27E312DD00381667 /* AuthManager.swift */ = {isa = PBXFileReference; fileEncoding = 4; lastKnownFileType = sourcecode.swift; path = AuthManager.swift; sourceTree = "<group>"; };
		A2E031B427E3146000381667 /* TabBarViewController.swift */ = {isa = PBXFileReference; lastKnownFileType = sourcecode.swift; path = TabBarViewController.swift; sourceTree = "<group>"; };
		A2E031B727E318C800381667 /* Color+Extensions.swift */ = {isa = PBXFileReference; lastKnownFileType = sourcecode.swift; path = "Color+Extensions.swift"; sourceTree = "<group>"; };
/* End PBXFileReference section */

/* Begin PBXFrameworksBuildPhase section */
		A27A2C6027E27747006BB050 /* Frameworks */ = {
			isa = PBXFrameworksBuildPhase;
			buildActionMask = 2147483647;
			files = (
			);
			runOnlyForDeploymentPostprocessing = 0;
		};
/* End PBXFrameworksBuildPhase section */

/* Begin PBXGroup section */
		A27A2C5A27E27747006BB050 = {
			isa = PBXGroup;
			children = (
				A27A2C6527E27747006BB050 /* remotely */,
				A27A2C6427E27747006BB050 /* Products */,
			);
			sourceTree = "<group>";
		};
		A27A2C6427E27747006BB050 /* Products */ = {
			isa = PBXGroup;
			children = (
				A27A2C6327E27747006BB050 /* remotely.app */,
			);
			name = Products;
			sourceTree = "<group>";
		};
		A27A2C6527E27747006BB050 /* remotely */ = {
			isa = PBXGroup;
			children = (
				A2E031B627E318AF00381667 /* Extensions */,
				A2E031B327E3144900381667 /* View Controllers */,
				A2E031B227E3137400381667 /* Core */,
				A2E031AD27E312DD00381667 /* AuthManager.swift */,
				A27A2C6F27E27748006BB050 /* Assets.xcassets */,
				A27A2C7127E27748006BB050 /* LaunchScreen.storyboard */,
				A27A2C7427E27748006BB050 /* Info.plist */,
			);
			path = remotely;
			sourceTree = "<group>";
		};
		A2E031B227E3137400381667 /* Core */ = {
			isa = PBXGroup;
			children = (
				A27A2C6627E27747006BB050 /* AppDelegate.swift */,
				A27A2C6827E27747006BB050 /* SceneDelegate.swift */,
			);
			path = Core;
			sourceTree = "<group>";
		};
		A2E031B327E3144900381667 /* View Controllers */ = {
			isa = PBXGroup;
			children = (
				A27A2C6A27E27747006BB050 /* LoginViewController.swift */,
				A2E031B427E3146000381667 /* TabBarViewController.swift */,
				A21954EA27E4B4E000310786 /* OnboardViewController.swift */,
			);
			path = "View Controllers";
			sourceTree = "<group>";
		};
		A2E031B627E318AF00381667 /* Extensions */ = {
			isa = PBXGroup;
			children = (
				A2E031B727E318C800381667 /* Color+Extensions.swift */,
			);
			path = Extensions;
			sourceTree = "<group>";
		};
/* End PBXGroup section */

/* Begin PBXNativeTarget section */
		A27A2C6227E27747006BB050 /* remotely */ = {
			isa = PBXNativeTarget;
			buildConfigurationList = A27A2C7727E27748006BB050 /* Build configuration list for PBXNativeTarget "remotely" */;
			buildPhases = (
				A27A2C5F27E27747006BB050 /* Sources */,
				A27A2C6027E27747006BB050 /* Frameworks */,
				A27A2C6127E27747006BB050 /* Resources */,
			);
			buildRules = (
			);
			dependencies = (
			);
			name = remotely;
			productName = remotely;
			productReference = A27A2C6327E27747006BB050 /* remotely.app */;
			productType = "com.apple.product-type.application";
		};
/* End PBXNativeTarget section */

/* Begin PBXProject section */
		A27A2C5B27E27747006BB050 /* Project object */ = {
			isa = PBXProject;
			attributes = {
				BuildIndependentTargetsInParallel = 1;
				LastSwiftUpdateCheck = 1320;
				LastUpgradeCheck = 1320;
				TargetAttributes = {
					A27A2C6227E27747006BB050 = {
						CreatedOnToolsVersion = 13.2.1;
					};
				};
			};
			buildConfigurationList = A27A2C5E27E27747006BB050 /* Build configuration list for PBXProject "remotely" */;
			compatibilityVersion = "Xcode 13.0";
			developmentRegion = en;
			hasScannedForEncodings = 0;
			knownRegions = (
				en,
				Base,
			);
			mainGroup = A27A2C5A27E27747006BB050;
			productRefGroup = A27A2C6427E27747006BB050 /* Products */;
			projectDirPath = "";
			projectRoot = "";
			targets = (
				A27A2C6227E27747006BB050 /* remotely */,
			);
		};
/* End PBXProject section */

/* Begin PBXResourcesBuildPhase section */
		A27A2C6127E27747006BB050 /* Resources */ = {
			isa = PBXResourcesBuildPhase;
			buildActionMask = 2147483647;
			files = (
				A27A2C7327E27748006BB050 /* LaunchScreen.storyboard in Resources */,
				A27A2C7027E27748006BB050 /* Assets.xcassets in Resources */,
			);
			runOnlyForDeploymentPostprocessing = 0;
		};
/* End PBXResourcesBuildPhase section */

/* Begin PBXSourcesBuildPhase section */
		A27A2C5F27E27747006BB050 /* Sources */ = {
			isa = PBXSourcesBuildPhase;
			buildActionMask = 2147483647;
			files = (
				A27A2C6B27E27747006BB050 /* LoginViewController.swift in Sources */,
				A21954EB27E4B4E000310786 /* OnboardViewController.swift in Sources */,
				A2E031B127E312DD00381667 /* AuthManager.swift in Sources */,
				A27A2C6727E27747006BB050 /* AppDelegate.swift in Sources */,
				A2E031B527E3146000381667 /* TabBarViewController.swift in Sources */,
				A27A2C6927E27747006BB050 /* SceneDelegate.swift in Sources */,
				A2E031B827E318C800381667 /* Color+Extensions.swift in Sources */,
			);
			runOnlyForDeploymentPostprocessing = 0;
		};
/* End PBXSourcesBuildPhase section */

/* Begin PBXVariantGroup section */
		A27A2C7127E27748006BB050 /* LaunchScreen.storyboard */ = {
			isa = PBXVariantGroup;
			children = (
				A27A2C7227E27748006BB050 /* Base */,
			);
			name = LaunchScreen.storyboard;
			sourceTree = "<group>";
		};
/* End PBXVariantGroup section */

/* Begin XCBuildConfiguration section */
		A27A2C7527E27748006BB050 /* Debug */ = {
			isa = XCBuildConfiguration;
			buildSettings = {
				ALWAYS_SEARCH_USER_PATHS = NO;
				CLANG_ANALYZER_NONNULL = YES;
				CLANG_ANALYZER_NUMBER_OBJECT_CONVERSION = YES_AGGRESSIVE;
				CLANG_CXX_LANGUAGE_STANDARD = "gnu++17";
				CLANG_CXX_LIBRARY = "libc++";
				CLANG_ENABLE_MODULES = YES;
				CLANG_ENABLE_OBJC_ARC = YES;
				CLANG_ENABLE_OBJC_WEAK = YES;
				CLANG_WARN_BLOCK_CAPTURE_AUTORELEASING = YES;
				CLANG_WARN_BOOL_CONVERSION = YES;
				CLANG_WARN_COMMA = YES;
				CLANG_WARN_CONSTANT_CONVERSION = YES;
				CLANG_WARN_DEPRECATED_OBJC_IMPLEMENTATIONS = YES;
				CLANG_WARN_DIRECT_OBJC_ISA_USAGE = YES_ERROR;
				CLANG_WARN_DOCUMENTATION_COMMENTS = YES;
				CLANG_WARN_EMPTY_BODY = YES;
				CLANG_WARN_ENUM_CONVERSION = YES;
				CLANG_WARN_INFINITE_RECURSION = YES;
				CLANG_WARN_INT_CONVERSION = YES;
				CLANG_WARN_NON_LITERAL_NULL_CONVERSION = YES;
				CLANG_WARN_OBJC_IMPLICIT_RETAIN_SELF = YES;
				CLANG_WARN_OBJC_LITERAL_CONVERSION = YES;
				CLANG_WARN_OBJC_ROOT_CLASS = YES_ERROR;
				CLANG_WARN_QUOTED_INCLUDE_IN_FRAMEWORK_HEADER = YES;
				CLANG_WARN_RANGE_LOOP_ANALYSIS = YES;
				CLANG_WARN_STRICT_PROTOTYPES = YES;
				CLANG_WARN_SUSPICIOUS_MOVE = YES;
				CLANG_WARN_UNGUARDED_AVAILABILITY = YES_AGGRESSIVE;
				CLANG_WARN_UNREACHABLE_CODE = YES;
				CLANG_WARN__DUPLICATE_METHOD_MATCH = YES;
				COPY_PHASE_STRIP = NO;
				DEBUG_INFORMATION_FORMAT = dwarf;
				ENABLE_STRICT_OBJC_MSGSEND = YES;
				ENABLE_TESTABILITY = YES;
				GCC_C_LANGUAGE_STANDARD = gnu11;
				GCC_DYNAMIC_NO_PIC = NO;
				GCC_NO_COMMON_BLOCKS = YES;
				GCC_OPTIMIZATION_LEVEL = 0;
				GCC_PREPROCESSOR_DEFINITIONS = (
					"DEBUG=1",
					"$(inherited)",
				);
				GCC_WARN_64_TO_32_BIT_CONVERSION = YES;
				GCC_WARN_ABOUT_RETURN_TYPE = YES_ERROR;
				GCC_WARN_UNDECLARED_SELECTOR = YES;
				GCC_WARN_UNINITIALIZED_AUTOS = YES_AGGRESSIVE;
				GCC_WARN_UNUSED_FUNCTION = YES;
				GCC_WARN_UNUSED_VARIABLE = YES;
				IPHONEOS_DEPLOYMENT_TARGET = 15.2;
				MTL_ENABLE_DEBUG_INFO = INCLUDE_SOURCE;
				MTL_FAST_MATH = YES;
				ONLY_ACTIVE_ARCH = YES;
				SDKROOT = iphoneos;
				SWIFT_ACTIVE_COMPILATION_CONDITIONS = DEBUG;
				SWIFT_OPTIMIZATION_LEVEL = "-Onone";
			};
			name = Debug;
		};
		A27A2C7627E27748006BB050 /* Release */ = {
			isa = XCBuildConfiguration;
			buildSettings = {
				ALWAYS_SEARCH_USER_PATHS = NO;
				CLANG_ANALYZER_NONNULL = YES;
				CLANG_ANALYZER_NUMBER_OBJECT_CONVERSION = YES_AGGRESSIVE;
				CLANG_CXX_LANGUAGE_STANDARD = "gnu++17";
				CLANG_CXX_LIBRARY = "libc++";
				CLANG_ENABLE_MODULES = YES;
				CLANG_ENABLE_OBJC_ARC = YES;
				CLANG_ENABLE_OBJC_WEAK = YES;
				CLANG_WARN_BLOCK_CAPTURE_AUTORELEASING = YES;
				CLANG_WARN_BOOL_CONVERSION = YES;
				CLANG_WARN_COMMA = YES;
				CLANG_WARN_CONSTANT_CONVERSION = YES;
				CLANG_WARN_DEPRECATED_OBJC_IMPLEMENTATIONS = YES;
				CLANG_WARN_DIRECT_OBJC_ISA_USAGE = YES_ERROR;
				CLANG_WARN_DOCUMENTATION_COMMENTS = YES;
				CLANG_WARN_EMPTY_BODY = YES;
				CLANG_WARN_ENUM_CONVERSION = YES;
				CLANG_WARN_INFINITE_RECURSION = YES;
				CLANG_WARN_INT_CONVERSION = YES;
				CLANG_WARN_NON_LITERAL_NULL_CONVERSION = YES;
				CLANG_WARN_OBJC_IMPLICIT_RETAIN_SELF = YES;
				CLANG_WARN_OBJC_LITERAL_CONVERSION = YES;
				CLANG_WARN_OBJC_ROOT_CLASS = YES_ERROR;
				CLANG_WARN_QUOTED_INCLUDE_IN_FRAMEWORK_HEADER = YES;
				CLANG_WARN_RANGE_LOOP_ANALYSIS = YES;
				CLANG_WARN_STRICT_PROTOTYPES = YES;
				CLANG_WARN_SUSPICIOUS_MOVE = YES;
				CLANG_WARN_UNGUARDED_AVAILABILITY = YES_AGGRESSIVE;
				CLANG_WARN_UNREACHABLE_CODE = YES;
				CLANG_WARN__DUPLICATE_METHOD_MATCH = YES;
				COPY_PHASE_STRIP = NO;
				DEBUG_INFORMATION_FORMAT = "dwarf-with-dsym";
				ENABLE_NS_ASSERTIONS = NO;
				ENABLE_STRICT_OBJC_MSGSEND = YES;
				GCC_C_LANGUAGE_STANDARD = gnu11;
				GCC_NO_COMMON_BLOCKS = YES;
				GCC_WARN_64_TO_32_BIT_CONVERSION = YES;
				GCC_WARN_ABOUT_RETURN_TYPE = YES_ERROR;
				GCC_WARN_UNDECLARED_SELECTOR = YES;
				GCC_WARN_UNINITIALIZED_AUTOS = YES_AGGRESSIVE;
				GCC_WARN_UNUSED_FUNCTION = YES;
				GCC_WARN_UNUSED_VARIABLE = YES;
				IPHONEOS_DEPLOYMENT_TARGET = 15.2;
				MTL_ENABLE_DEBUG_INFO = NO;
				MTL_FAST_MATH = YES;
				SDKROOT = iphoneos;
				SWIFT_COMPILATION_MODE = wholemodule;
				SWIFT_OPTIMIZATION_LEVEL = "-O";
				VALIDATE_PRODUCT = YES;
			};
			name = Release;
		};
		A27A2C7827E27748006BB050 /* Debug */ = {
			isa = XCBuildConfiguration;
			buildSettings = {
				ASSETCATALOG_COMPILER_APPICON_NAME = AppIcon;
				ASSETCATALOG_COMPILER_GLOBAL_ACCENT_COLOR_NAME = AccentColor;
				CODE_SIGN_STYLE = Automatic;
				CURRENT_PROJECT_VERSION = 1;
				DEVELOPMENT_TEAM = SWJ8BLCFFX;
				GENERATE_INFOPLIST_FILE = YES;
				INFOPLIST_FILE = remotely/Info.plist;
				INFOPLIST_KEY_UIApplicationSupportsIndirectInputEvents = YES;
				INFOPLIST_KEY_UILaunchStoryboardName = LaunchScreen;
				INFOPLIST_KEY_UISupportedInterfaceOrientations_iPad = "UIInterfaceOrientationPortrait UIInterfaceOrientationPortraitUpsideDown UIInterfaceOrientationLandscapeLeft UIInterfaceOrientationLandscapeRight";
				INFOPLIST_KEY_UISupportedInterfaceOrientations_iPhone = "UIInterfaceOrientationPortrait UIInterfaceOrientationLandscapeLeft UIInterfaceOrientationLandscapeRight";
				LD_RUNPATH_SEARCH_PATHS = (
					"$(inherited)",
					"@executable_path/Frameworks",
				);
				MARKETING_VERSION = 1.0;
				PRODUCT_BUNDLE_IDENTIFIER = com.shop.one.remotely;
				PRODUCT_NAME = "$(TARGET_NAME)";
				SWIFT_EMIT_LOC_STRINGS = YES;
				SWIFT_VERSION = 5.0;
				TARGETED_DEVICE_FAMILY = "1,2";
			};
			name = Debug;
		};
		A27A2C7927E27748006BB050 /* Release */ = {
			isa = XCBuildConfiguration;
			buildSettings = {
				ASSETCATALOG_COMPILER_APPICON_NAME = AppIcon;
				ASSETCATALOG_COMPILER_GLOBAL_ACCENT_COLOR_NAME = AccentColor;
				CODE_SIGN_STYLE = Automatic;
				CURRENT_PROJECT_VERSION = 1;
				DEVELOPMENT_TEAM = SWJ8BLCFFX;
				GENERATE_INFOPLIST_FILE = YES;
				INFOPLIST_FILE = remotely/Info.plist;
				INFOPLIST_KEY_UIApplicationSupportsIndirectInputEvents = YES;
				INFOPLIST_KEY_UILaunchStoryboardName = LaunchScreen;
				INFOPLIST_KEY_UISupportedInterfaceOrientations_iPad = "UIInterfaceOrientationPortrait UIInterfaceOrientationPortraitUpsideDown UIInterfaceOrientationLandscapeLeft UIInterfaceOrientationLandscapeRight";
				INFOPLIST_KEY_UISupportedInterfaceOrientations_iPhone = "UIInterfaceOrientationPortrait UIInterfaceOrientationLandscapeLeft UIInterfaceOrientationLandscapeRight";
				LD_RUNPATH_SEARCH_PATHS = (
					"$(inherited)",
					"@executable_path/Frameworks",
				);
				MARKETING_VERSION = 1.0;
				PRODUCT_BUNDLE_IDENTIFIER = com.shop.one.remotely;
				PRODUCT_NAME = "$(TARGET_NAME)";
				SWIFT_EMIT_LOC_STRINGS = YES;
				SWIFT_VERSION = 5.0;
				TARGETED_DEVICE_FAMILY = "1,2";
			};
			name = Release;
		};
/* End XCBuildConfiguration section */

/* Begin XCConfigurationList section */
		A27A2C5E27E27747006BB050 /* Build configuration list for PBXProject "remotely" */ = {
			isa = XCConfigurationList;
			buildConfigurations = (
				A27A2C7527E27748006BB050 /* Debug */,
				A27A2C7627E27748006BB050 /* Release */,
			);
			defaultConfigurationIsVisible = 0;
			defaultConfigurationName = Release;
		};
		A27A2C7727E27748006BB050 /* Build configuration list for PBXNativeTarget "remotely" */ = {
			isa = XCConfigurationList;
			buildConfigurations = (
				A27A2C7827E27748006BB050 /* Debug */,
				A27A2C7927E27748006BB050 /* Release */,
			);
			defaultConfigurationIsVisible = 0;
			defaultConfigurationName = Release;
		};
/* End XCConfigurationList section */
	};
	rootObject = A27A2C5B27E27747006BB050 /* Project object */;
}
