// !$*UTF8*$!
{
	archiveVersion = 1;
	classes = {
	};
	objectVersion = 55;
	objects = {

/* Begin PBXBuildFile section */
		580E3E1191FB052D932459E3 /* Pods_remotely.framework in Frameworks */ = {isa = PBXBuildFile; fileRef = D399BBDF69B3330DA0F4EB8E /* Pods_remotely.framework */; };
		A21052CF289915BB003381B2 /* PokemonAPI.framework in Embed Frameworks */ = {isa = PBXBuildFile; fileRef = A21052C728991525003381B2 /* PokemonAPI.framework */; settings = {ATTRIBUTES = (CodeSignOnCopy, RemoveHeadersOnCopy, ); }; };
		A21954EB27E4B4E000310786 /* OnboardViewController.swift in Sources */ = {isa = PBXBuildFile; fileRef = A21954EA27E4B4E000310786 /* OnboardViewController.swift */; };
		A2551C72286C32A700AE3558 /* UIView+Extension.swift in Sources */ = {isa = PBXBuildFile; fileRef = A2551C71286C32A700AE3558 /* UIView+Extension.swift */; };
		A2551C74286C4EBB00AE3558 /* User.swift in Sources */ = {isa = PBXBuildFile; fileRef = A2551C73286C4EBB00AE3558 /* User.swift */; };
		A2551C76286C505900AE3558 /* NetworkManager.swift in Sources */ = {isa = PBXBuildFile; fileRef = A2551C75286C505900AE3558 /* NetworkManager.swift */; };
		A27A2C6727E27747006BB050 /* AppDelegate.swift in Sources */ = {isa = PBXBuildFile; fileRef = A27A2C6627E27747006BB050 /* AppDelegate.swift */; };
		A27A2C6927E27747006BB050 /* SceneDelegate.swift in Sources */ = {isa = PBXBuildFile; fileRef = A27A2C6827E27747006BB050 /* SceneDelegate.swift */; };
		A27A2C6B27E27747006BB050 /* LoginViewController.swift in Sources */ = {isa = PBXBuildFile; fileRef = A27A2C6A27E27747006BB050 /* LoginViewController.swift */; };
		A27A2C7027E27748006BB050 /* Assets.xcassets in Resources */ = {isa = PBXBuildFile; fileRef = A27A2C6F27E27748006BB050 /* Assets.xcassets */; };
		A27A2C7327E27748006BB050 /* LaunchScreen.storyboard in Resources */ = {isa = PBXBuildFile; fileRef = A27A2C7127E27748006BB050 /* LaunchScreen.storyboard */; };
		A2995843289A95A000EFE7FB /* PokemonTableViewCell.swift in Sources */ = {isa = PBXBuildFile; fileRef = A2995842289A95A000EFE7FB /* PokemonTableViewCell.swift */; };
		A2B90F6528983C5500AE1DA0 /* RickyMortyViewController.swift in Sources */ = {isa = PBXBuildFile; fileRef = A2B90F6428983C5500AE1DA0 /* RickyMortyViewController.swift */; };
		A2B90F6728983C8000AE1DA0 /* RickyMortyTableViewCell.swift in Sources */ = {isa = PBXBuildFile; fileRef = A2B90F6628983C8000AE1DA0 /* RickyMortyTableViewCell.swift */; };
		A2B90F6928983C9D00AE1DA0 /* RickyMortyViewModel.swift in Sources */ = {isa = PBXBuildFile; fileRef = A2B90F6828983C9D00AE1DA0 /* RickyMortyViewModel.swift */; };
		A2B90F6B28983CBB00AE1DA0 /* RickyMortyModel.swift in Sources */ = {isa = PBXBuildFile; fileRef = A2B90F6A28983CBB00AE1DA0 /* RickyMortyModel.swift */; };
		A2B90F6D28983D3000AE1DA0 /* RickyMortyService.swift in Sources */ = {isa = PBXBuildFile; fileRef = A2B90F6C28983D3000AE1DA0 /* RickyMortyService.swift */; };
		A2DA24AE286B1C8F005FD90C /* GoogleService-Info.plist in Resources */ = {isa = PBXBuildFile; fileRef = A2DA24AD286B1C8F005FD90C /* GoogleService-Info.plist */; };
		A2E031B827E318C800381667 /* Color+Extensions.swift in Sources */ = {isa = PBXBuildFile; fileRef = A2E031B727E318C800381667 /* Color+Extensions.swift */; };
		B748A988286545A20079C20D /* SessionManager.swift in Sources */ = {isa = PBXBuildFile; fileRef = B748A987286545A20079C20D /* SessionManager.swift */; };
		B778BA9F27EED3B7007BC766 /* Coordinator.swift in Sources */ = {isa = PBXBuildFile; fileRef = B778BA9E27EED3B7007BC766 /* Coordinator.swift */; };
		B778BAA127EED3F6007BC766 /* AuthCoordinator.swift in Sources */ = {isa = PBXBuildFile; fileRef = B778BAA027EED3F6007BC766 /* AuthCoordinator.swift */; };
		B778BAA327EED420007BC766 /* HomeViewController.swift in Sources */ = {isa = PBXBuildFile; fileRef = B778BAA227EED420007BC766 /* HomeViewController.swift */; };
/* End PBXBuildFile section */

/* Begin PBXContainerItemProxy section */
		A21052C628991525003381B2 /* PBXContainerItemProxy */ = {
			isa = PBXContainerItemProxy;
			containerPortal = A21052C128991525003381B2 /* PokemonAPI.xcodeproj */;
			proxyType = 2;
			remoteGlobalIDString = A21052A72899149E003381B2;
			remoteInfo = PokemonAPI;
		};
		A21052C828991525003381B2 /* PBXContainerItemProxy */ = {
			isa = PBXContainerItemProxy;
			containerPortal = A21052C128991525003381B2 /* PokemonAPI.xcodeproj */;
			proxyType = 2;
			remoteGlobalIDString = A21052B12899149E003381B2;
			remoteInfo = PokemonAPITests;
		};
/* End PBXContainerItemProxy section */

/* Begin PBXCopyFilesBuildPhase section */
		A2C0E5142895737800E4646F /* Embed Frameworks */ = {
			isa = PBXCopyFilesBuildPhase;
			buildActionMask = 12;
			dstPath = "";
			dstSubfolderSpec = 10;
			files = (
				A21052CF289915BB003381B2 /* PokemonAPI.framework in Embed Frameworks */,
			);
			name = "Embed Frameworks";
			runOnlyForDeploymentPostprocessing = 0;
		};
/* End PBXCopyFilesBuildPhase section */

/* Begin PBXFileReference section */
		3689F02D8B1A32FD1A00AD08 /* Pods-remotely.debug.xcconfig */ = {isa = PBXFileReference; includeInIndex = 1; lastKnownFileType = text.xcconfig; name = "Pods-remotely.debug.xcconfig"; path = "Target Support Files/Pods-remotely/Pods-remotely.debug.xcconfig"; sourceTree = "<group>"; };
		A21052C128991525003381B2 /* PokemonAPI.xcodeproj */ = {isa = PBXFileReference; lastKnownFileType = "wrapper.pb-project"; name = PokemonAPI.xcodeproj; path = PokemonAPI/PokemonAPI.xcodeproj; sourceTree = SOURCE_ROOT; };
		A2134F1F28969054007BE3E4 /* Alamofire.framework */ = {isa = PBXFileReference; explicitFileType = wrapper.framework; path = Alamofire.framework; sourceTree = BUILT_PRODUCTS_DIR; };
		A21954EA27E4B4E000310786 /* OnboardViewController.swift */ = {isa = PBXFileReference; lastKnownFileType = sourcecode.swift; path = OnboardViewController.swift; sourceTree = "<group>"; };
		A2551C71286C32A700AE3558 /* UIView+Extension.swift */ = {isa = PBXFileReference; lastKnownFileType = sourcecode.swift; path = "UIView+Extension.swift"; sourceTree = "<group>"; };
		A2551C73286C4EBB00AE3558 /* User.swift */ = {isa = PBXFileReference; lastKnownFileType = sourcecode.swift; path = User.swift; sourceTree = "<group>"; };
		A2551C75286C505900AE3558 /* NetworkManager.swift */ = {isa = PBXFileReference; lastKnownFileType = sourcecode.swift; path = NetworkManager.swift; sourceTree = "<group>"; };
		A25B45A72899114600C26F28 /* Pokemon.framework */ = {isa = PBXFileReference; explicitFileType = wrapper.framework; path = Pokemon.framework; sourceTree = BUILT_PRODUCTS_DIR; };
		A27A2C6327E27747006BB050 /* remotely.app */ = {isa = PBXFileReference; explicitFileType = wrapper.application; includeInIndex = 0; path = remotely.app; sourceTree = BUILT_PRODUCTS_DIR; };
		A27A2C6627E27747006BB050 /* AppDelegate.swift */ = {isa = PBXFileReference; lastKnownFileType = sourcecode.swift; path = AppDelegate.swift; sourceTree = "<group>"; };
		A27A2C6827E27747006BB050 /* SceneDelegate.swift */ = {isa = PBXFileReference; lastKnownFileType = sourcecode.swift; path = SceneDelegate.swift; sourceTree = "<group>"; };
		A27A2C6A27E27747006BB050 /* LoginViewController.swift */ = {isa = PBXFileReference; lastKnownFileType = sourcecode.swift; path = LoginViewController.swift; sourceTree = "<group>"; };
		A27A2C6F27E27748006BB050 /* Assets.xcassets */ = {isa = PBXFileReference; lastKnownFileType = folder.assetcatalog; path = Assets.xcassets; sourceTree = "<group>"; };
		A27A2C7227E27748006BB050 /* Base */ = {isa = PBXFileReference; lastKnownFileType = file.storyboard; name = Base; path = Base.lproj/LaunchScreen.storyboard; sourceTree = "<group>"; };
		A27A2C7427E27748006BB050 /* Info.plist */ = {isa = PBXFileReference; lastKnownFileType = text.plist.xml; path = Info.plist; sourceTree = "<group>"; };
		A2995842289A95A000EFE7FB /* PokemonTableViewCell.swift */ = {isa = PBXFileReference; lastKnownFileType = sourcecode.swift; path = PokemonTableViewCell.swift; sourceTree = "<group>"; };
		A2B90F6428983C5500AE1DA0 /* RickyMortyViewController.swift */ = {isa = PBXFileReference; lastKnownFileType = sourcecode.swift; path = RickyMortyViewController.swift; sourceTree = "<group>"; };
		A2B90F6628983C8000AE1DA0 /* RickyMortyTableViewCell.swift */ = {isa = PBXFileReference; lastKnownFileType = sourcecode.swift; path = RickyMortyTableViewCell.swift; sourceTree = "<group>"; };
		A2B90F6828983C9D00AE1DA0 /* RickyMortyViewModel.swift */ = {isa = PBXFileReference; lastKnownFileType = sourcecode.swift; path = RickyMortyViewModel.swift; sourceTree = "<group>"; };
		A2B90F6A28983CBB00AE1DA0 /* RickyMortyModel.swift */ = {isa = PBXFileReference; lastKnownFileType = sourcecode.swift; path = RickyMortyModel.swift; sourceTree = "<group>"; };
		A2B90F6C28983D3000AE1DA0 /* RickyMortyService.swift */ = {isa = PBXFileReference; lastKnownFileType = sourcecode.swift; path = RickyMortyService.swift; sourceTree = "<group>"; };
		A2DA24AD286B1C8F005FD90C /* GoogleService-Info.plist */ = {isa = PBXFileReference; fileEncoding = 4; lastKnownFileType = text.plist.xml; path = "GoogleService-Info.plist"; sourceTree = "<group>"; };
		A2E031B727E318C800381667 /* Color+Extensions.swift */ = {isa = PBXFileReference; lastKnownFileType = sourcecode.swift; path = "Color+Extensions.swift"; sourceTree = "<group>"; };
		B748A987286545A20079C20D /* SessionManager.swift */ = {isa = PBXFileReference; lastKnownFileType = sourcecode.swift; path = SessionManager.swift; sourceTree = "<group>"; };
		B778BA9E27EED3B7007BC766 /* Coordinator.swift */ = {isa = PBXFileReference; lastKnownFileType = sourcecode.swift; path = Coordinator.swift; sourceTree = "<group>"; };
		B778BAA027EED3F6007BC766 /* AuthCoordinator.swift */ = {isa = PBXFileReference; lastKnownFileType = sourcecode.swift; path = AuthCoordinator.swift; sourceTree = "<group>"; };
		B778BAA227EED420007BC766 /* HomeViewController.swift */ = {isa = PBXFileReference; lastKnownFileType = sourcecode.swift; path = HomeViewController.swift; sourceTree = "<group>"; };
		D399BBDF69B3330DA0F4EB8E /* Pods_remotely.framework */ = {isa = PBXFileReference; explicitFileType = wrapper.framework; includeInIndex = 0; path = Pods_remotely.framework; sourceTree = BUILT_PRODUCTS_DIR; };
		E2554664E8AF5042688EEFAA /* Pods-remotely.release.xcconfig */ = {isa = PBXFileReference; includeInIndex = 1; lastKnownFileType = text.xcconfig; name = "Pods-remotely.release.xcconfig"; path = "Target Support Files/Pods-remotely/Pods-remotely.release.xcconfig"; sourceTree = "<group>"; };
/* End PBXFileReference section */

/* Begin PBXFrameworksBuildPhase section */
		A27A2C6027E27747006BB050 /* Frameworks */ = {
			isa = PBXFrameworksBuildPhase;
			buildActionMask = 2147483647;
			files = (
				580E3E1191FB052D932459E3 /* Pods_remotely.framework in Frameworks */,
			);
			runOnlyForDeploymentPostprocessing = 0;
		};
/* End PBXFrameworksBuildPhase section */

/* Begin PBXGroup section */
		57F0C8E4749CB63305A29F7D /* Pods */ = {
			isa = PBXGroup;
			children = (
				3689F02D8B1A32FD1A00AD08 /* Pods-remotely.debug.xcconfig */,
				E2554664E8AF5042688EEFAA /* Pods-remotely.release.xcconfig */,
			);
			path = Pods;
			sourceTree = "<group>";
		};
		6ECC3E7A3A4E40694484D418 /* Frameworks */ = {
			isa = PBXGroup;
			children = (
				A2134F1F28969054007BE3E4 /* Alamofire.framework */,
				A25B45A72899114600C26F28 /* Pokemon.framework */,
				D399BBDF69B3330DA0F4EB8E /* Pods_remotely.framework */,
			);
			name = Frameworks;
			sourceTree = "<group>";
		};
		A20D52FE2896BA9400CE4685 /* Dependencies */ = {
			isa = PBXGroup;
			children = (
				A21052C128991525003381B2 /* PokemonAPI.xcodeproj */,
			);
			path = Dependencies;
			sourceTree = "<group>";
		};
		A21052C228991525003381B2 /* Products */ = {
			isa = PBXGroup;
			children = (
				A21052C728991525003381B2 /* PokemonAPI.framework */,
				A21052C928991525003381B2 /* PokemonAPITests.xctest */,
			);
			name = Products;
			sourceTree = "<group>";
		};
		A264577127F1CCB3008B5042 /* Onboard */ = {
			isa = PBXGroup;
			children = (
				A21954EA27E4B4E000310786 /* OnboardViewController.swift */,
			);
			path = Onboard;
			sourceTree = "<group>";
		};
		A264577227F1CCC4008B5042 /* Login */ = {
			isa = PBXGroup;
			children = (
				A2DA24A9286B17C4005FD90C /* Networking */,
				A264577527F1CF8E008B5042 /* View */,
			);
			path = Login;
			sourceTree = "<group>";
		};
		A264577527F1CF8E008B5042 /* View */ = {
			isa = PBXGroup;
			children = (
				A27A2C6A27E27747006BB050 /* LoginViewController.swift */,
			);
			path = View;
			sourceTree = "<group>";
		};
		A27A2C5A27E27747006BB050 = {
			isa = PBXGroup;
			children = (
				A20D52FE2896BA9400CE4685 /* Dependencies */,
				A27A2C6527E27747006BB050 /* remotely */,
				A27A2C6427E27747006BB050 /* Products */,
				57F0C8E4749CB63305A29F7D /* Pods */,
				6ECC3E7A3A4E40694484D418 /* Frameworks */,
			);
			sourceTree = "<group>";
		};
		A27A2C6427E27747006BB050 /* Products */ = {
			isa = PBXGroup;
			children = (
				A27A2C6327E27747006BB050 /* remotely.app */,
			);
			name = Products;
			sourceTree = "<group>";
		};
		A27A2C6527E27747006BB050 /* remotely */ = {
			isa = PBXGroup;
			children = (
				A2C0E5152895748700E4646F /* Commons */,
				B778BA9727EED2DE007BC766 /* Coordinators */,
				A2E031B327E3144900381667 /* Features */,
				A2E031B227E3137400381667 /* App */,
				A27A2C6F27E27748006BB050 /* Assets.xcassets */,
				A27A2C7127E27748006BB050 /* LaunchScreen.storyboard */,
				A27A2C7427E27748006BB050 /* Info.plist */,
				A2DA24AD286B1C8F005FD90C /* GoogleService-Info.plist */,
			);
			path = remotely;
			sourceTree = "<group>";
		};
		A2995846289A965B00EFE7FB /* View */ = {
			isa = PBXGroup;
			children = (
				B778BAA227EED420007BC766 /* HomeViewController.swift */,
				A2995842289A95A000EFE7FB /* PokemonTableViewCell.swift */,
			);
			path = View;
			sourceTree = "<group>";
		};
		A2B18D01286D88E80037945E /* Model */ = {
			isa = PBXGroup;
			children = (
				A2551C73286C4EBB00AE3558 /* User.swift */,
			);
			path = Model;
			sourceTree = "<group>";
		};
		A2B90F6128983C3C00AE1DA0 /* RickMorty */ = {
			isa = PBXGroup;
			children = (
				A2B90F6428983C5500AE1DA0 /* RickyMortyViewController.swift */,
				A2B90F6628983C8000AE1DA0 /* RickyMortyTableViewCell.swift */,
				A2B90F6828983C9D00AE1DA0 /* RickyMortyViewModel.swift */,
				A2B90F6A28983CBB00AE1DA0 /* RickyMortyModel.swift */,
				A2B90F6C28983D3000AE1DA0 /* RickyMortyService.swift */,
			);
			path = RickMorty;
			sourceTree = "<group>";
		};
		A2C0E5152895748700E4646F /* Commons */ = {
			isa = PBXGroup;
			children = (
				A2E031B627E318AF00381667 /* Extensions */,
			);
			path = Commons;
			sourceTree = "<group>";
		};
		A2DA24A9286B17C4005FD90C /* Networking */ = {
			isa = PBXGroup;
			children = (
				A2B18D01286D88E80037945E /* Model */,
				A2551C75286C505900AE3558 /* NetworkManager.swift */,
			);
			path = Networking;
			sourceTree = "<group>";
		};
		A2E031B227E3137400381667 /* App */ = {
			isa = PBXGroup;
			children = (
				B748A987286545A20079C20D /* SessionManager.swift */,
				A27A2C6627E27747006BB050 /* AppDelegate.swift */,
				A27A2C6827E27747006BB050 /* SceneDelegate.swift */,
			);
			path = App;
			sourceTree = "<group>";
		};
		A2E031B327E3144900381667 /* Features */ = {
			isa = PBXGroup;
			children = (
				A2B90F6128983C3C00AE1DA0 /* RickMorty */,
				A264577127F1CCB3008B5042 /* Onboard */,
				B778BA9B27EED340007BC766 /* Home */,
				B778BA9927EED32A007BC766 /* Auth */,
			);
			path = Features;
			sourceTree = "<group>";
		};
		A2E031B627E318AF00381667 /* Extensions */ = {
			isa = PBXGroup;
			children = (
				A2E031B727E318C800381667 /* Color+Extensions.swift */,
				A2551C71286C32A700AE3558 /* UIView+Extension.swift */,
			);
			path = Extensions;
			sourceTree = "<group>";
		};
		B778BA9727EED2DE007BC766 /* Coordinators */ = {
			isa = PBXGroup;
			children = (
				B778BA9E27EED3B7007BC766 /* Coordinator.swift */,
				B778BAA027EED3F6007BC766 /* AuthCoordinator.swift */,
			);
			path = Coordinators;
			sourceTree = "<group>";
		};
		B778BA9927EED32A007BC766 /* Auth */ = {
			isa = PBXGroup;
			children = (
				A264577227F1CCC4008B5042 /* Login */,
			);
			path = Auth;
			sourceTree = "<group>";
		};
		B778BA9B27EED340007BC766 /* Home */ = {
			isa = PBXGroup;
			children = (
				A2995846289A965B00EFE7FB /* View */,
			);
			path = Home;
			sourceTree = "<group>";
		};
/* End PBXGroup section */

/* Begin PBXNativeTarget section */
		A27A2C6227E27747006BB050 /* remotely */ = {
			isa = PBXNativeTarget;
			buildConfigurationList = A27A2C7727E27748006BB050 /* Build configuration list for PBXNativeTarget "remotely" */;
			buildPhases = (
				069B0C9E9FB6F2EF4B70F15D /* [CP] Check Pods Manifest.lock */,
				A27A2C5F27E27747006BB050 /* Sources */,
				A27A2C6027E27747006BB050 /* Frameworks */,
				A27A2C6127E27747006BB050 /* Resources */,
				5145F125F7736541E7AC146B /* [CP] Embed Pods Frameworks */,
				B712370B2862CD2C00CCF15D /* Run Swiftlint */,
				A2C0E5142895737800E4646F /* Embed Frameworks */,
			);
			buildRules = (
			);
			dependencies = (
			);
			name = remotely;
			productName = remotely;
			productReference = A27A2C6327E27747006BB050 /* remotely.app */;
			productType = "com.apple.product-type.application";
		};
/* End PBXNativeTarget section */

/* Begin PBXProject section */
		A27A2C5B27E27747006BB050 /* Project object */ = {
			isa = PBXProject;
			attributes = {
				BuildIndependentTargetsInParallel = 1;
				LastSwiftUpdateCheck = 1320;
				LastUpgradeCheck = 1320;
				TargetAttributes = {
					A27A2C6227E27747006BB050 = {
						CreatedOnToolsVersion = 13.2.1;
					};
				};
			};
			buildConfigurationList = A27A2C5E27E27747006BB050 /* Build configuration list for PBXProject "remotely" */;
			compatibilityVersion = "Xcode 13.0";
			developmentRegion = en;
			hasScannedForEncodings = 0;
			knownRegions = (
				en,
				Base,
			);
			mainGroup = A27A2C5A27E27747006BB050;
			productRefGroup = A27A2C6427E27747006BB050 /* Products */;
			projectDirPath = "";
			projectReferences = (
				{
					ProductGroup = A21052C228991525003381B2 /* Products */;
					ProjectRef = A21052C128991525003381B2 /* PokemonAPI.xcodeproj */;
				},
			);
			projectRoot = "";
			targets = (
				A27A2C6227E27747006BB050 /* remotely */,
			);
		};
/* End PBXProject section */

/* Begin PBXReferenceProxy section */
		A21052C728991525003381B2 /* PokemonAPI.framework */ = {
			isa = PBXReferenceProxy;
			fileType = wrapper.framework;
			path = PokemonAPI.framework;
			remoteRef = A21052C628991525003381B2 /* PBXContainerItemProxy */;
			sourceTree = BUILT_PRODUCTS_DIR;
		};
		A21052C928991525003381B2 /* PokemonAPITests.xctest */ = {
			isa = PBXReferenceProxy;
			fileType = wrapper.cfbundle;
			path = PokemonAPITests.xctest;
			remoteRef = A21052C828991525003381B2 /* PBXContainerItemProxy */;
			sourceTree = BUILT_PRODUCTS_DIR;
		};
/* End PBXReferenceProxy section */

/* Begin PBXResourcesBuildPhase section */
		A27A2C6127E27747006BB050 /* Resources */ = {
			isa = PBXResourcesBuildPhase;
			buildActionMask = 2147483647;
			files = (
				A27A2C7327E27748006BB050 /* LaunchScreen.storyboard in Resources */,
				A2DA24AE286B1C8F005FD90C /* GoogleService-Info.plist in Resources */,
				A27A2C7027E27748006BB050 /* Assets.xcassets in Resources */,
			);
			runOnlyForDeploymentPostprocessing = 0;
		};
/* End PBXResourcesBuildPhase section */

/* Begin PBXShellScriptBuildPhase section */
		069B0C9E9FB6F2EF4B70F15D /* [CP] Check Pods Manifest.lock */ = {
			isa = PBXShellScriptBuildPhase;
			buildActionMask = 2147483647;
			files = (
			);
			inputFileListPaths = (
			);
			inputPaths = (
				"${PODS_PODFILE_DIR_PATH}/Podfile.lock",
				"${PODS_ROOT}/Manifest.lock",
			);
			name = "[CP] Check Pods Manifest.lock";
			outputFileListPaths = (
			);
			outputPaths = (
				"$(DERIVED_FILE_DIR)/Pods-remotely-checkManifestLockResult.txt",
			);
			runOnlyForDeploymentPostprocessing = 0;
			shellPath = /bin/sh;
			shellScript = "diff \"${PODS_PODFILE_DIR_PATH}/Podfile.lock\" \"${PODS_ROOT}/Manifest.lock\" > /dev/null\nif [ $? != 0 ] ; then\n    # print error to STDERR\n    echo \"error: The sandbox is not in sync with the Podfile.lock. Run 'pod install' or update your CocoaPods installation.\" >&2\n    exit 1\nfi\n# This output is used by Xcode 'outputs' to avoid re-running this script phase.\necho \"SUCCESS\" > \"${SCRIPT_OUTPUT_FILE_0}\"\n";
			showEnvVarsInLog = 0;
		};
		5145F125F7736541E7AC146B /* [CP] Embed Pods Frameworks */ = {
			isa = PBXShellScriptBuildPhase;
			buildActionMask = 2147483647;
			files = (
			);
			inputFileListPaths = (
				"${PODS_ROOT}/Target Support Files/Pods-remotely/Pods-remotely-frameworks-${CONFIGURATION}-input-files.xcfilelist",
			);
			name = "[CP] Embed Pods Frameworks";
			outputFileListPaths = (
				"${PODS_ROOT}/Target Support Files/Pods-remotely/Pods-remotely-frameworks-${CONFIGURATION}-output-files.xcfilelist",
			);
			runOnlyForDeploymentPostprocessing = 0;
			shellPath = /bin/sh;
			shellScript = "\"${PODS_ROOT}/Target Support Files/Pods-remotely/Pods-remotely-frameworks.sh\"\n";
			showEnvVarsInLog = 0;
		};
		B712370B2862CD2C00CCF15D /* Run Swiftlint */ = {
			isa = PBXShellScriptBuildPhase;
			buildActionMask = 12;
			files = (
			);
			inputFileListPaths = (
			);
			inputPaths = (
			);
			name = "Run Swiftlint";
			outputFileListPaths = (
			);
			outputPaths = (
			);
			runOnlyForDeploymentPostprocessing = 0;
			shellPath = /bin/sh;
			shellScript = "# Adds support for Apple Silicon brew directory\nexport PATH=\"$PATH:/opt/homebrew/bin\"\n\nif which swiftlint; then\n    swiftlint autocorrect && swiftlint\nelse\n  echo \"warning: SwiftLint not installed, download from https://github.com/realm/SwiftLint\"\nfi\n";
		};
/* End PBXShellScriptBuildPhase section */

/* Begin PBXSourcesBuildPhase section */
		A27A2C5F27E27747006BB050 /* Sources */ = {
			isa = PBXSourcesBuildPhase;
			buildActionMask = 2147483647;
			files = (
				A2551C76286C505900AE3558 /* NetworkManager.swift in Sources */,
				A2551C72286C32A700AE3558 /* UIView+Extension.swift in Sources */,
				A27A2C6B27E27747006BB050 /* LoginViewController.swift in Sources */,
				A2B90F6528983C5500AE1DA0 /* RickyMortyViewController.swift in Sources */,
				A21954EB27E4B4E000310786 /* OnboardViewController.swift in Sources */,
				A2B90F6D28983D3000AE1DA0 /* RickyMortyService.swift in Sources */,
				A27A2C6727E27747006BB050 /* AppDelegate.swift in Sources */,
				A2B90F6728983C8000AE1DA0 /* RickyMortyTableViewCell.swift in Sources */,
				A27A2C6927E27747006BB050 /* SceneDelegate.swift in Sources */,
				A2995843289A95A000EFE7FB /* PokemonTableViewCell.swift in Sources */,
				B748A988286545A20079C20D /* SessionManager.swift in Sources */,
				A2551C74286C4EBB00AE3558 /* User.swift in Sources */,
				B778BAA327EED420007BC766 /* HomeViewController.swift in Sources */,
				A2E031B827E318C800381667 /* Color+Extensions.swift in Sources */,
				B778BAA127EED3F6007BC766 /* AuthCoordinator.swift in Sources */,
				A2B90F6928983C9D00AE1DA0 /* RickyMortyViewModel.swift in Sources */,
				A2B90F6B28983CBB00AE1DA0 /* RickyMortyModel.swift in Sources */,
				B778BA9F27EED3B7007BC766 /* Coordinator.swift in Sources */,
			);
			runOnlyForDeploymentPostprocessing = 0;
		};
/* End PBXSourcesBuildPhase section */

/* Begin PBXVariantGroup section */
		A27A2C7127E27748006BB050 /* LaunchScreen.storyboard */ = {
			isa = PBXVariantGroup;
			children = (
				A27A2C7227E27748006BB050 /* Base */,
			);
			name = LaunchScreen.storyboard;
			sourceTree = "<group>";
		};
/* End PBXVariantGroup section */

/* Begin XCBuildConfiguration section */
		A27A2C7527E27748006BB050 /* Debug */ = {
			isa = XCBuildConfiguration;
			buildSettings = {
				ALWAYS_SEARCH_USER_PATHS = NO;
				CLANG_ANALYZER_NONNULL = YES;
				CLANG_ANALYZER_NUMBER_OBJECT_CONVERSION = YES_AGGRESSIVE;
				CLANG_CXX_LANGUAGE_STANDARD = "gnu++17";
				CLANG_CXX_LIBRARY = "libc++";
				CLANG_ENABLE_MODULES = YES;
				CLANG_ENABLE_OBJC_ARC = YES;
				CLANG_ENABLE_OBJC_WEAK = YES;
				CLANG_WARN_BLOCK_CAPTURE_AUTORELEASING = YES;
				CLANG_WARN_BOOL_CONVERSION = YES;
				CLANG_WARN_COMMA = YES;
				CLANG_WARN_CONSTANT_CONVERSION = YES;
				CLANG_WARN_DEPRECATED_OBJC_IMPLEMENTATIONS = YES;
				CLANG_WARN_DIRECT_OBJC_ISA_USAGE = YES_ERROR;
				CLANG_WARN_DOCUMENTATION_COMMENTS = YES;
				CLANG_WARN_EMPTY_BODY = YES;
				CLANG_WARN_ENUM_CONVERSION = YES;
				CLANG_WARN_INFINITE_RECURSION = YES;
				CLANG_WARN_INT_CONVERSION = YES;
				CLANG_WARN_NON_LITERAL_NULL_CONVERSION = YES;
				CLANG_WARN_OBJC_IMPLICIT_RETAIN_SELF = YES;
				CLANG_WARN_OBJC_LITERAL_CONVERSION = YES;
				CLANG_WARN_OBJC_ROOT_CLASS = YES_ERROR;
				CLANG_WARN_QUOTED_INCLUDE_IN_FRAMEWORK_HEADER = YES;
				CLANG_WARN_RANGE_LOOP_ANALYSIS = YES;
				CLANG_WARN_STRICT_PROTOTYPES = YES;
				CLANG_WARN_SUSPICIOUS_MOVE = YES;
				CLANG_WARN_UNGUARDED_AVAILABILITY = YES_AGGRESSIVE;
				CLANG_WARN_UNREACHABLE_CODE = YES;
				CLANG_WARN__DUPLICATE_METHOD_MATCH = YES;
				COPY_PHASE_STRIP = NO;
				DEBUG_INFORMATION_FORMAT = dwarf;
				ENABLE_STRICT_OBJC_MSGSEND = YES;
				ENABLE_TESTABILITY = YES;
				GCC_C_LANGUAGE_STANDARD = gnu11;
				GCC_DYNAMIC_NO_PIC = NO;
				GCC_NO_COMMON_BLOCKS = YES;
				GCC_OPTIMIZATION_LEVEL = 0;
				GCC_PREPROCESSOR_DEFINITIONS = (
					"DEBUG=1",
					"$(inherited)",
				);
				GCC_WARN_64_TO_32_BIT_CONVERSION = YES;
				GCC_WARN_ABOUT_RETURN_TYPE = YES_ERROR;
				GCC_WARN_UNDECLARED_SELECTOR = YES;
				GCC_WARN_UNINITIALIZED_AUTOS = YES_AGGRESSIVE;
				GCC_WARN_UNUSED_FUNCTION = YES;
				GCC_WARN_UNUSED_VARIABLE = YES;
				IPHONEOS_DEPLOYMENT_TARGET = 15.2;
				MTL_ENABLE_DEBUG_INFO = INCLUDE_SOURCE;
				MTL_FAST_MATH = YES;
				ONLY_ACTIVE_ARCH = YES;
				SDKROOT = iphoneos;
				SWIFT_ACTIVE_COMPILATION_CONDITIONS = DEBUG;
				SWIFT_OPTIMIZATION_LEVEL = "-Onone";
			};
			name = Debug;
		};
		A27A2C7627E27748006BB050 /* Release */ = {
			isa = XCBuildConfiguration;
			buildSettings = {
				ALWAYS_SEARCH_USER_PATHS = NO;
				CLANG_ANALYZER_NONNULL = YES;
				CLANG_ANALYZER_NUMBER_OBJECT_CONVERSION = YES_AGGRESSIVE;
				CLANG_CXX_LANGUAGE_STANDARD = "gnu++17";
				CLANG_CXX_LIBRARY = "libc++";
				CLANG_ENABLE_MODULES = YES;
				CLANG_ENABLE_OBJC_ARC = YES;
				CLANG_ENABLE_OBJC_WEAK = YES;
				CLANG_WARN_BLOCK_CAPTURE_AUTORELEASING = YES;
				CLANG_WARN_BOOL_CONVERSION = YES;
				CLANG_WARN_COMMA = YES;
				CLANG_WARN_CONSTANT_CONVERSION = YES;
				CLANG_WARN_DEPRECATED_OBJC_IMPLEMENTATIONS = YES;
				CLANG_WARN_DIRECT_OBJC_ISA_USAGE = YES_ERROR;
				CLANG_WARN_DOCUMENTATION_COMMENTS = YES;
				CLANG_WARN_EMPTY_BODY = YES;
				CLANG_WARN_ENUM_CONVERSION = YES;
				CLANG_WARN_INFINITE_RECURSION = YES;
				CLANG_WARN_INT_CONVERSION = YES;
				CLANG_WARN_NON_LITERAL_NULL_CONVERSION = YES;
				CLANG_WARN_OBJC_IMPLICIT_RETAIN_SELF = YES;
				CLANG_WARN_OBJC_LITERAL_CONVERSION = YES;
				CLANG_WARN_OBJC_ROOT_CLASS = YES_ERROR;
				CLANG_WARN_QUOTED_INCLUDE_IN_FRAMEWORK_HEADER = YES;
				CLANG_WARN_RANGE_LOOP_ANALYSIS = YES;
				CLANG_WARN_STRICT_PROTOTYPES = YES;
				CLANG_WARN_SUSPICIOUS_MOVE = YES;
				CLANG_WARN_UNGUARDED_AVAILABILITY = YES_AGGRESSIVE;
				CLANG_WARN_UNREACHABLE_CODE = YES;
				CLANG_WARN__DUPLICATE_METHOD_MATCH = YES;
				COPY_PHASE_STRIP = NO;
				DEBUG_INFORMATION_FORMAT = "dwarf-with-dsym";
				ENABLE_NS_ASSERTIONS = NO;
				ENABLE_STRICT_OBJC_MSGSEND = YES;
				GCC_C_LANGUAGE_STANDARD = gnu11;
				GCC_NO_COMMON_BLOCKS = YES;
				GCC_WARN_64_TO_32_BIT_CONVERSION = YES;
				GCC_WARN_ABOUT_RETURN_TYPE = YES_ERROR;
				GCC_WARN_UNDECLARED_SELECTOR = YES;
				GCC_WARN_UNINITIALIZED_AUTOS = YES_AGGRESSIVE;
				GCC_WARN_UNUSED_FUNCTION = YES;
				GCC_WARN_UNUSED_VARIABLE = YES;
				IPHONEOS_DEPLOYMENT_TARGET = 15.2;
				MTL_ENABLE_DEBUG_INFO = NO;
				MTL_FAST_MATH = YES;
				SDKROOT = iphoneos;
				SWIFT_COMPILATION_MODE = wholemodule;
				SWIFT_OPTIMIZATION_LEVEL = "-O";
				VALIDATE_PRODUCT = YES;
			};
			name = Release;
		};
		A27A2C7827E27748006BB050 /* Debug */ = {
			isa = XCBuildConfiguration;
			baseConfigurationReference = 3689F02D8B1A32FD1A00AD08 /* Pods-remotely.debug.xcconfig */;
			buildSettings = {
				ASSETCATALOG_COMPILER_APPICON_NAME = AppIcon;
				ASSETCATALOG_COMPILER_GLOBAL_ACCENT_COLOR_NAME = AccentColor;
				CODE_SIGN_STYLE = Automatic;
				CURRENT_PROJECT_VERSION = 1;
				DEVELOPMENT_TEAM = SWJ8BLCFFX;
				GENERATE_INFOPLIST_FILE = YES;
				INFOPLIST_FILE = remotely/Info.plist;
				INFOPLIST_KEY_UIApplicationSupportsIndirectInputEvents = YES;
				INFOPLIST_KEY_UILaunchStoryboardName = LaunchScreen;
				INFOPLIST_KEY_UISupportedInterfaceOrientations_iPad = "UIInterfaceOrientationPortrait UIInterfaceOrientationPortraitUpsideDown UIInterfaceOrientationLandscapeLeft UIInterfaceOrientationLandscapeRight";
				INFOPLIST_KEY_UISupportedInterfaceOrientations_iPhone = "UIInterfaceOrientationPortrait UIInterfaceOrientationLandscapeLeft UIInterfaceOrientationLandscapeRight";
				LD_RUNPATH_SEARCH_PATHS = (
					"$(inherited)",
					"@executable_path/Frameworks",
				);
				MARKETING_VERSION = 1.0;
				PRODUCT_BUNDLE_IDENTIFIER = com.shop.one.remotely;
				PRODUCT_NAME = "$(TARGET_NAME)";
				SWIFT_EMIT_LOC_STRINGS = YES;
				SWIFT_VERSION = 5.0;
				TARGETED_DEVICE_FAMILY = "1,2";
			};
			name = Debug;
		};
		A27A2C7927E27748006BB050 /* Release */ = {
			isa = XCBuildConfiguration;
			baseConfigurationReference = E2554664E8AF5042688EEFAA /* Pods-remotely.release.xcconfig */;
			buildSettings = {
				ASSETCATALOG_COMPILER_APPICON_NAME = AppIcon;
				ASSETCATALOG_COMPILER_GLOBAL_ACCENT_COLOR_NAME = AccentColor;
				CODE_SIGN_STYLE = Automatic;
				CURRENT_PROJECT_VERSION = 1;
				DEVELOPMENT_TEAM = SWJ8BLCFFX;
				GENERATE_INFOPLIST_FILE = YES;
				INFOPLIST_FILE = remotely/Info.plist;
				INFOPLIST_KEY_UIApplicationSupportsIndirectInputEvents = YES;
				INFOPLIST_KEY_UILaunchStoryboardName = LaunchScreen;
				INFOPLIST_KEY_UISupportedInterfaceOrientations_iPad = "UIInterfaceOrientationPortrait UIInterfaceOrientationPortraitUpsideDown UIInterfaceOrientationLandscapeLeft UIInterfaceOrientationLandscapeRight";
				INFOPLIST_KEY_UISupportedInterfaceOrientations_iPhone = "UIInterfaceOrientationPortrait UIInterfaceOrientationLandscapeLeft UIInterfaceOrientationLandscapeRight";
				LD_RUNPATH_SEARCH_PATHS = (
					"$(inherited)",
					"@executable_path/Frameworks",
				);
				MARKETING_VERSION = 1.0;
				PRODUCT_BUNDLE_IDENTIFIER = com.shop.one.remotely;
				PRODUCT_NAME = "$(TARGET_NAME)";
				SWIFT_EMIT_LOC_STRINGS = YES;
				SWIFT_VERSION = 5.0;
				TARGETED_DEVICE_FAMILY = "1,2";
			};
			name = Release;
		};
/* End XCBuildConfiguration section */

/* Begin XCConfigurationList section */
		A27A2C5E27E27747006BB050 /* Build configuration list for PBXProject "remotely" */ = {
			isa = XCConfigurationList;
			buildConfigurations = (
				A27A2C7527E27748006BB050 /* Debug */,
				A27A2C7627E27748006BB050 /* Release */,
			);
			defaultConfigurationIsVisible = 0;
			defaultConfigurationName = Release;
		};
		A27A2C7727E27748006BB050 /* Build configuration list for PBXNativeTarget "remotely" */ = {
			isa = XCConfigurationList;
			buildConfigurations = (
				A27A2C7827E27748006BB050 /* Debug */,
				A27A2C7927E27748006BB050 /* Release */,
			);
			defaultConfigurationIsVisible = 0;
			defaultConfigurationName = Release;
		};
/* End XCConfigurationList section */
	};
	rootObject = A27A2C5B27E27747006BB050 /* Project object */;
}
